
Microsoft Visual Studio Solution File, Format Version 12.00
# Visual Studio Version 17
VisualStudioVersion = 17.7.34031.279
MinimumVisualStudioVersion = 10.0.40219.1
Project("{FAE04EC0-301F-11D3-BF4B-00C04F79EFBC}") = "TarefaPO2", "TarefaPO2\TarefaPO2.csproj", "{C4C0F7FA-BB69-4BFF-AC5F-C117CF5D8F23}"
EndProject
Global
	GlobalSection(SolutionConfigurationPlatforms) = preSolution
		Debug|Any CPU = Debug|Any CPU
		Release|Any CPU = Release|Any CPU
	EndGlobalSection
	GlobalSection(ProjectConfigurationPlatforms) = postSolution
		{C4C0F7FA-BB69-4BFF-AC5F-C117CF5D8F23}.Debug|Any CPU.ActiveCfg = Debug|Any CPU
		{C4C0F7FA-BB69-4BFF-AC5F-C117CF5D8F23}.Debug|Any CPU.Build.0 = Debug|Any CPU
		{C4C0F7FA-BB69-4BFF-AC5F-C117CF5D8F23}.Release|Any CPU.ActiveCfg = Release|Any CPU
		{C4C0F7FA-BB69-4BFF-AC5F-C117CF5D8F23}.Release|Any CPU.Build.0 = Release|Any CPU
	EndGlobalSection
	GlobalSection(SolutionProperties) = preSolution
		HideSolutionNode = FALSE
	EndGlobalSection
	GlobalSection(ExtensibilityGlobals) = postSolution
		SolutionGuid = {32CAEA78-E63C-494D-B9C9-8C4252F2A2D5}
	EndGlobalSection
EndGlobal
